// !$*UTF8*$!
{
	archiveVersion = 1;
	classes = {
	};
	objectVersion = 46;
	objects = {

/* Begin PBXBuildFile section */
		8216C5D0133DE30600F6161D /* UIKit.framework in Frameworks */ = {isa = PBXBuildFile; fileRef = 8216C5CF133DE30600F6161D /* UIKit.framework */; };
		8216C5D2133DE30600F6161D /* Foundation.framework in Frameworks */ = {isa = PBXBuildFile; fileRef = 8216C5D1133DE30600F6161D /* Foundation.framework */; };
		8216C5D4133DE30600F6161D /* CoreGraphics.framework in Frameworks */ = {isa = PBXBuildFile; fileRef = 8216C5D3133DE30600F6161D /* CoreGraphics.framework */; };
		8216C5DA133DE30600F6161D /* InfoPlist.strings in Resources */ = {isa = PBXBuildFile; fileRef = 8216C5D8133DE30600F6161D /* InfoPlist.strings */; };
		8216C5DD133DE30600F6161D /* main.m in Sources */ = {isa = PBXBuildFile; fileRef = 8216C5DC133DE30600F6161D /* main.m */; };
		8216C5E0133DE30600F6161D /* iNPIAppDelegate.m in Sources */ = {isa = PBXBuildFile; fileRef = 8216C5DF133DE30600F6161D /* iNPIAppDelegate.m */; };
		8216C5E3133DE30600F6161D /* MainWindow.xib in Resources */ = {isa = PBXBuildFile; fileRef = 8216C5E1133DE30600F6161D /* MainWindow.xib */; };
		8216C5E6133DE30600F6161D /* RootViewController.m in Sources */ = {isa = PBXBuildFile; fileRef = 8216C5E5133DE30600F6161D /* RootViewController.m */; };
		8216C5E9133DE30700F6161D /* RootViewController.xib in Resources */ = {isa = PBXBuildFile; fileRef = 8216C5E7133DE30700F6161D /* RootViewController.xib */; };
		8216C5F0133DE3DD00F6161D /* unixnpi-armv7 in Resources */ = {isa = PBXBuildFile; fileRef = 8216C5EF133DE3DD00F6161D /* unixnpi-armv7 */; };
		82221144133DF75A00C461BD /* Default@2x.png in Resources */ = {isa = PBXBuildFile; fileRef = 82221143133DF75A00C461BD /* Default@2x.png */; };
		82221146133DF77C00C461BD /* Default.png in Resources */ = {isa = PBXBuildFile; fileRef = 82221145133DF77C00C461BD /* Default.png */; };
		82C11209133DFD46004DFC5F /* Icon.png in Resources */ = {isa = PBXBuildFile; fileRef = 82C11208133DFD46004DFC5F /* Icon.png */; };
		82C1120B133DFD4C004DFC5F /* Icon@2x.png in Resources */ = {isa = PBXBuildFile; fileRef = 82C1120A133DFD4C004DFC5F /* Icon@2x.png */; };
/* End PBXBuildFile section */

/* Begin PBXFileReference section */
		8216C5CB133DE30600F6161D /* iNPI.app */ = {isa = PBXFileReference; explicitFileType = wrapper.application; includeInIndex = 0; path = iNPI.app; sourceTree = BUILT_PRODUCTS_DIR; };
		8216C5CF133DE30600F6161D /* UIKit.framework */ = {isa = PBXFileReference; lastKnownFileType = wrapper.framework; name = UIKit.framework; path = System/Library/Frameworks/UIKit.framework; sourceTree = SDKROOT; };
		8216C5D1133DE30600F6161D /* Foundation.framework */ = {isa = PBXFileReference; lastKnownFileType = wrapper.framework; name = Foundation.framework; path = System/Library/Frameworks/Foundation.framework; sourceTree = SDKROOT; };
		8216C5D3133DE30600F6161D /* CoreGraphics.framework */ = {isa = PBXFileReference; lastKnownFileType = wrapper.framework; name = CoreGraphics.framework; path = System/Library/Frameworks/CoreGraphics.framework; sourceTree = SDKROOT; };
		8216C5D7133DE30600F6161D /* iNPI-Info.plist */ = {isa = PBXFileReference; lastKnownFileType = text.plist.xml; path = "iNPI-Info.plist"; sourceTree = "<group>"; };
		8216C5D9133DE30600F6161D /* en */ = {isa = PBXFileReference; lastKnownFileType = text.plist.strings; name = en; path = en.lproj/InfoPlist.strings; sourceTree = "<group>"; };
		8216C5DB133DE30600F6161D /* iNPI-Prefix.pch */ = {isa = PBXFileReference; lastKnownFileType = sourcecode.c.h; path = "iNPI-Prefix.pch"; sourceTree = "<group>"; };
		8216C5DC133DE30600F6161D /* main.m */ = {isa = PBXFileReference; lastKnownFileType = sourcecode.c.objc; path = main.m; sourceTree = "<group>"; };
		8216C5DE133DE30600F6161D /* iNPIAppDelegate.h */ = {isa = PBXFileReference; lastKnownFileType = sourcecode.c.h; path = iNPIAppDelegate.h; sourceTree = "<group>"; };
		8216C5DF133DE30600F6161D /* iNPIAppDelegate.m */ = {isa = PBXFileReference; lastKnownFileType = sourcecode.c.objc; path = iNPIAppDelegate.m; sourceTree = "<group>"; };
		8216C5E2133DE30600F6161D /* en */ = {isa = PBXFileReference; lastKnownFileType = file.xib; name = en; path = en.lproj/MainWindow.xib; sourceTree = "<group>"; };
		8216C5E4133DE30600F6161D /* RootViewController.h */ = {isa = PBXFileReference; lastKnownFileType = sourcecode.c.h; path = RootViewController.h; sourceTree = "<group>"; };
		8216C5E5133DE30600F6161D /* RootViewController.m */ = {isa = PBXFileReference; lastKnownFileType = sourcecode.c.objc; path = RootViewController.m; sourceTree = "<group>"; };
		8216C5E8133DE30700F6161D /* en */ = {isa = PBXFileReference; lastKnownFileType = file.xib; name = en; path = en.lproj/RootViewController.xib; sourceTree = "<group>"; };
		8216C5EF133DE3DD00F6161D /* unixnpi-armv7 */ = {isa = PBXFileReference; lastKnownFileType = "compiled.mach-o.executable"; path = "unixnpi-armv7"; sourceTree = "<group>"; };
		82221143133DF75A00C461BD /* Default@2x.png */ = {isa = PBXFileReference; lastKnownFileType = image.png; path = "Default@2x.png"; sourceTree = "<group>"; };
		82221145133DF77C00C461BD /* Default.png */ = {isa = PBXFileReference; lastKnownFileType = image.png; path = Default.png; sourceTree = "<group>"; };
		82C11208133DFD46004DFC5F /* Icon.png */ = {isa = PBXFileReference; lastKnownFileType = image.png; path = Icon.png; sourceTree = "<group>"; };
		82C1120A133DFD4C004DFC5F /* Icon@2x.png */ = {isa = PBXFileReference; lastKnownFileType = image.png; path = "Icon@2x.png"; sourceTree = "<group>"; };
/* End PBXFileReference section */

/* Begin PBXFrameworksBuildPhase section */
		8216C5C8133DE30600F6161D /* Frameworks */ = {
			isa = PBXFrameworksBuildPhase;
			buildActionMask = 2147483647;
			files = (
				8216C5D0133DE30600F6161D /* UIKit.framework in Frameworks */,
				8216C5D2133DE30600F6161D /* Foundation.framework in Frameworks */,
				8216C5D4133DE30600F6161D /* CoreGraphics.framework in Frameworks */,
			);
			runOnlyForDeploymentPostprocessing = 0;
		};
/* End PBXFrameworksBuildPhase section */

/* Begin PBXGroup section */
		8216C5C0133DE30600F6161D = {
			isa = PBXGroup;
			children = (
				82C1120A133DFD4C004DFC5F /* Icon@2x.png */,
				82C11208133DFD46004DFC5F /* Icon.png */,
				82221145133DF77C00C461BD /* Default.png */,
				82221143133DF75A00C461BD /* Default@2x.png */,
				8216C5D5133DE30600F6161D /* iNPI */,
				8216C5CE133DE30600F6161D /* Frameworks */,
				8216C5CC133DE30600F6161D /* Products */,
			);
			sourceTree = "<group>";
		};
		8216C5CC133DE30600F6161D /* Products */ = {
			isa = PBXGroup;
			children = (
				8216C5CB133DE30600F6161D /* iNPI.app */,
			);
			name = Products;
			sourceTree = "<group>";
		};
		8216C5CE133DE30600F6161D /* Frameworks */ = {
			isa = PBXGroup;
			children = (
				8216C5CF133DE30600F6161D /* UIKit.framework */,
				8216C5D1133DE30600F6161D /* Foundation.framework */,
				8216C5D3133DE30600F6161D /* CoreGraphics.framework */,
			);
			name = Frameworks;
			sourceTree = "<group>";
		};
		8216C5D5133DE30600F6161D /* iNPI */ = {
			isa = PBXGroup;
			children = (
				8216C5DE133DE30600F6161D /* iNPIAppDelegate.h */,
				8216C5DF133DE30600F6161D /* iNPIAppDelegate.m */,
				8216C5EF133DE3DD00F6161D /* unixnpi-armv7 */,
				8216C5E1133DE30600F6161D /* MainWindow.xib */,
				8216C5E4133DE30600F6161D /* RootViewController.h */,
				8216C5E5133DE30600F6161D /* RootViewController.m */,
				8216C5E7133DE30700F6161D /* RootViewController.xib */,
				8216C5D6133DE30600F6161D /* Supporting Files */,
			);
			path = iNPI;
			sourceTree = "<group>";
		};
		8216C5D6133DE30600F6161D /* Supporting Files */ = {
			isa = PBXGroup;
			children = (
				8216C5D7133DE30600F6161D /* iNPI-Info.plist */,
				8216C5D8133DE30600F6161D /* InfoPlist.strings */,
				8216C5DB133DE30600F6161D /* iNPI-Prefix.pch */,
				8216C5DC133DE30600F6161D /* main.m */,
			);
			name = "Supporting Files";
			sourceTree = "<group>";
		};
/* End PBXGroup section */

/* Begin PBXNativeTarget section */
		8216C5CA133DE30600F6161D /* iNPI */ = {
			isa = PBXNativeTarget;
			buildConfigurationList = 8216C5EC133DE30700F6161D /* Build configuration list for PBXNativeTarget "iNPI" */;
			buildPhases = (
				8216C5C7133DE30600F6161D /* Sources */,
				8216C5C8133DE30600F6161D /* Frameworks */,
				8216C5C9133DE30600F6161D /* Resources */,
			);
			buildRules = (
			);
			dependencies = (
			);
			name = iNPI;
			productName = iNPI;
			productReference = 8216C5CB133DE30600F6161D /* iNPI.app */;
			productType = "com.apple.product-type.application";
		};
/* End PBXNativeTarget section */

/* Begin PBXProject section */
		8216C5C2133DE30600F6161D /* Project object */ = {
			isa = PBXProject;
			buildConfigurationList = 8216C5C5133DE30600F6161D /* Build configuration list for PBXProject "iNPI" */;
			compatibilityVersion = "Xcode 3.2";
			developmentRegion = English;
			hasScannedForEncodings = 0;
			knownRegions = (
				en,
			);
			mainGroup = 8216C5C0133DE30600F6161D;
			productRefGroup = 8216C5CC133DE30600F6161D /* Products */;
			projectDirPath = "";
			projectRoot = "";
			targets = (
				8216C5CA133DE30600F6161D /* iNPI */,
			);
		};
/* End PBXProject section */

/* Begin PBXResourcesBuildPhase section */
		8216C5C9133DE30600F6161D /* Resources */ = {
			isa = PBXResourcesBuildPhase;
			buildActionMask = 2147483647;
			files = (
				8216C5DA133DE30600F6161D /* InfoPlist.strings in Resources */,
				8216C5E3133DE30600F6161D /* MainWindow.xib in Resources */,
				8216C5E9133DE30700F6161D /* RootViewController.xib in Resources */,
				8216C5F0133DE3DD00F6161D /* unixnpi-armv7 in Resources */,
				82221144133DF75A00C461BD /* Default@2x.png in Resources */,
				82221146133DF77C00C461BD /* Default.png in Resources */,
				82C11209133DFD46004DFC5F /* Icon.png in Resources */,
				82C1120B133DFD4C004DFC5F /* Icon@2x.png in Resources */,
			);
			runOnlyForDeploymentPostprocessing = 0;
		};
/* End PBXResourcesBuildPhase section */

/* Begin PBXSourcesBuildPhase section */
		8216C5C7133DE30600F6161D /* Sources */ = {
			isa = PBXSourcesBuildPhase;
			buildActionMask = 2147483647;
			files = (
				8216C5DD133DE30600F6161D /* main.m in Sources */,
				8216C5E0133DE30600F6161D /* iNPIAppDelegate.m in Sources */,
				8216C5E6133DE30600F6161D /* RootViewController.m in Sources */,
			);
			runOnlyForDeploymentPostprocessing = 0;
		};
/* End PBXSourcesBuildPhase section */

/* Begin PBXVariantGroup section */
		8216C5D8133DE30600F6161D /* InfoPlist.strings */ = {
			isa = PBXVariantGroup;
			children = (
				8216C5D9133DE30600F6161D /* en */,
			);
			name = InfoPlist.strings;
			sourceTree = "<group>";
		};
		8216C5E1133DE30600F6161D /* MainWindow.xib */ = {
			isa = PBXVariantGroup;
			children = (
				8216C5E2133DE30600F6161D /* en */,
			);
			name = MainWindow.xib;
			sourceTree = "<group>";
		};
		8216C5E7133DE30700F6161D /* RootViewController.xib */ = {
			isa = PBXVariantGroup;
			children = (
				8216C5E8133DE30700F6161D /* en */,
			);
			name = RootViewController.xib;
			sourceTree = "<group>";
		};
/* End PBXVariantGroup section */

/* Begin XCBuildConfiguration section */
		8216C5EA133DE30700F6161D /* Debug */ = {
			isa = XCBuildConfiguration;
			buildSettings = {
				ARCHS = "$(ARCHS_STANDARD_32_BIT)";
				"CODE_SIGN_IDENTITY[sdk=iphoneos*]" = "iPhone Developer";
				GCC_C_LANGUAGE_STANDARD = gnu99;
				GCC_OPTIMIZATION_LEVEL = 0;
				GCC_PREPROCESSOR_DEFINITIONS = DEBUG;
				GCC_SYMBOLS_PRIVATE_EXTERN = NO;
				GCC_VERSION = com.apple.compilers.llvmgcc42;
				GCC_WARN_ABOUT_RETURN_TYPE = YES;
				GCC_WARN_UNUSED_VARIABLE = YES;
				IPHONEOS_DEPLOYMENT_TARGET = 4.3;
				SDKROOT = iphoneos;
			};
			name = Debug;
		};
		8216C5EB133DE30700F6161D /* Release */ = {
			isa = XCBuildConfiguration;
			buildSettings = {
				ARCHS = "$(ARCHS_STANDARD_32_BIT)";
				"CODE_SIGN_IDENTITY[sdk=iphoneos*]" = "iPhone Developer";
				GCC_C_LANGUAGE_STANDARD = gnu99;
				GCC_VERSION = com.apple.compilers.llvmgcc42;
				GCC_WARN_ABOUT_RETURN_TYPE = YES;
				GCC_WARN_UNUSED_VARIABLE = YES;
				IPHONEOS_DEPLOYMENT_TARGET = 4.3;
				OTHER_CFLAGS = "-DNS_BLOCK_ASSERTIONS=1";
				SDKROOT = iphoneos;
			};
			name = Release;
		};
		8216C5ED133DE30700F6161D /* Debug */ = {
			isa = XCBuildConfiguration;
			buildSettings = {
				ALWAYS_SEARCH_USER_PATHS = NO;
				COPY_PHASE_STRIP = NO;
				GCC_DYNAMIC_NO_PIC = NO;
				GCC_PRECOMPILE_PREFIX_HEADER = YES;
				GCC_PREFIX_HEADER = "iNPI/iNPI-Prefix.pch";
				INFOPLIST_FILE = "iNPI/iNPI-Info.plist";
				IPHONEOS_DEPLOYMENT_TARGET = 4.0;
				PRODUCT_NAME = "$(TARGET_NAME)";
				WRAPPER_EXTENSION = app;
			};
			name = Debug;
		};
		8216C5EE133DE30700F6161D /* Release */ = {
			isa = XCBuildConfiguration;
			buildSettings = {
				ALWAYS_SEARCH_USER_PATHS = NO;
				COPY_PHASE_STRIP = YES;
				GCC_PRECOMPILE_PREFIX_HEADER = YES;
				GCC_PREFIX_HEADER = "iNPI/iNPI-Prefix.pch";
				INFOPLIST_FILE = "iNPI/iNPI-Info.plist";
				IPHONEOS_DEPLOYMENT_TARGET = 4.0;
				PRODUCT_NAME = "$(TARGET_NAME)";
				VALIDATE_PRODUCT = YES;
				WRAPPER_EXTENSION = app;
			};
			name = Release;
		};
/* End XCBuildConfiguration section */

/* Begin XCConfigurationList section */
		8216C5C5133DE30600F6161D /* Build configuration list for PBXProject "iNPI" */ = {
			isa = XCConfigurationList;
			buildConfigurations = (
				8216C5EA133DE30700F6161D /* Debug */,
				8216C5EB133DE30700F6161D /* Release */,
			);
			defaultConfigurationIsVisible = 0;
			defaultConfigurationName = Release;
		};
		8216C5EC133DE30700F6161D /* Build configuration list for PBXNativeTarget "iNPI" */ = {
			isa = XCConfigurationList;
			buildConfigurations = (
				8216C5ED133DE30700F6161D /* Debug */,
				8216C5EE133DE30700F6161D /* Release */,
			);
			defaultConfigurationIsVisible = 0;
			defaultConfigurationName = Release;
		};
/* End XCConfigurationList section */
	};
	rootObject = 8216C5C2133DE30600F6161D /* Project object */;
}
